{
  "name": "root",
  "requires": true,
  "lockfileVersion": 1,
  "dependencies": {
    "@jest/types": {
      "version": "26.6.2",
      "resolved": "https://npm.corp.kuaishou.com/@jest%2ftypes/-/types-26.6.2.tgz",
      "integrity": "sha1-vvWlMgMOHYii9abZM/hOlyJu1I4=",
      "requires": {
        "@types/istanbul-lib-coverage": "^2.0.0",
        "@types/istanbul-reports": "^3.0.0",
        "@types/node": "*",
        "@types/yargs": "^15.0.0",
        "chalk": "^4.0.0"
      }
    },
    "@types/istanbul-lib-coverage": {
      "version": "2.0.3",
      "resolved": "https://npm.corp.kuaishou.com/@types%2fistanbul-lib-coverage/-/istanbul-lib-coverage-2.0.3.tgz",
      "integrity": "sha1-S6jdtyAiH0MuRDvV+RF/0iz9R2I="
    },
    "@types/istanbul-lib-report": {
      "version": "3.0.0",
      "resolved": "https://npm.corp.kuaishou.com/@types%2fistanbul-lib-report/-/istanbul-lib-report-3.0.0.tgz",
      "integrity": "sha1-wUwk8Y6oGQwRjudWK3/5mjZVJoY=",
      "requires": {
        "@types/istanbul-lib-coverage": "*"
      }
    },
    "@types/istanbul-reports": {
      "version": "3.0.0",
      "resolved": "https://npm.corp.kuaishou.com/@types%2fistanbul-reports/-/istanbul-reports-3.0.0.tgz",
      "integrity": "sha1-UIsTqjRPpJdiNOdd3cw0klc32CE=",
      "requires": {
        "@types/istanbul-lib-report": "*"
      }
    },
    "@types/jest": {
      "version": "26.0.22",
      "resolved": "https://npm.corp.kuaishou.com/@types%2fjest/-/jest-26.0.22.tgz",
      "integrity": "sha1-gwih3r3xuAeqR74oOKzc2R6I++Y=",
      "requires": {
        "jest-diff": "^26.0.0",
        "pretty-format": "^26.0.0"
      }
    },
    "@types/node": {
      "version": "14.14.41",
      "resolved": "https://npm.corp.kuaishou.com/@types%2fnode/-/node-14.14.41.tgz",
      "integrity": "sha1-0Lk52Uwde9U9BIJK9F8RObjEVhU="
    },
    "@types/yargs": {
      "version": "15.0.13",
      "resolved": "https://npm.corp.kuaishou.com/@types%2fyargs/-/yargs-15.0.13.tgz",
      "integrity": "sha1-NPf+yLOJ1/PB/QgCaldj4HLTxtw=",
      "requires": {
        "@types/yargs-parser": "*"
      }
    },
    "@types/yargs-parser": {
      "version": "20.2.0",
      "resolved": "https://npm.corp.kuaishou.com/@types%2fyargs-parser/-/yargs-parser-20.2.0.tgz",
      "integrity": "sha1-3T5mmboyN/A0jNCF5GmHgCBIQvk="
    },
    "ansi-regex": {
      "version": "5.0.0",
      "resolved": "https://npm.corp.kuaishou.com/ansi-regex/-/ansi-regex-5.0.0.tgz",
      "integrity": "sha1-OIU59VF5vzkznIGvMKZU1p+Hy3U="
    },
    "ansi-styles": {
      "version": "4.3.0",
      "resolved": "https://npm.corp.kuaishou.com/ansi-styles/-/ansi-styles-4.3.0.tgz",
      "integrity": "sha1-7dgDYornHATIWuegkG7a00tkiTc=",
      "requires": {
        "color-convert": "^2.0.1"
      }
    },
    "chalk": {
      "version": "4.1.0",
      "resolved": "https://npm.corp.kuaishou.com/chalk/-/chalk-4.1.0.tgz",
      "integrity": "sha1-ThSHCmGNni7dl92DRf2dncMVZGo=",
      "requires": {
        "ansi-styles": "^4.1.0",
        "supports-color": "^7.1.0"
      }
    },
    "color-convert": {
      "version": "2.0.1",
      "resolved": "https://npm.corp.kuaishou.com/color-convert/-/color-convert-2.0.1.tgz",
      "integrity": "sha1-ctOmjVmMm9s68q0ehPIdiWq9TeM=",
      "requires": {
        "color-name": "~1.1.4"
      }
    },
    "color-name": {
      "version": "1.1.4",
      "resolved": "https://npm.corp.kuaishou.com/color-name/-/color-name-1.1.4.tgz",
      "integrity": "sha1-wqCah6y95pVD3m9j+jmVyCbFNqI="
    },
    "diff-sequences": {
      "version": "26.6.2",
      "resolved": "https://npm.corp.kuaishou.com/diff-sequences/-/diff-sequences-26.6.2.tgz",
      "integrity": "sha1-SLqZFX3hkjQS7tQdtrbUqpynwLE="
    },
    "has-flag": {
      "version": "4.0.0",
      "resolved": "https://npm.corp.kuaishou.com/has-flag/-/has-flag-4.0.0.tgz",
      "integrity": "sha1-lEdx/ZyByBJlxNaUGGDaBrtZR5s="
    },
    "jest-diff": {
      "version": "26.6.2",
      "resolved": "https://npm.corp.kuaishou.com/jest-diff/-/jest-diff-26.6.2.tgz",
      "integrity": "sha1-GqdGi1LDpo19XF/c381eSb0WQ5Q=",
      "requires": {
        "chalk": "^4.0.0",
        "diff-sequences": "^26.6.2",
        "jest-get-type": "^26.3.0",
        "pretty-format": "^26.6.2"
      }
    },
    "jest-get-type": {
      "version": "26.3.0",
      "resolved": "https://npm.corp.kuaishou.com/jest-get-type/-/jest-get-type-26.3.0.tgz",
      "integrity": "sha1-6X3Dw/U8K0Bsp6+u1Ek7HQmRmeA="
    },
    "pretty-format": {
      "version": "26.6.2",
      "resolved": "https://npm.corp.kuaishou.com/pretty-format/-/pretty-format-26.6.2.tgz",
      "integrity": "sha1-41wnBfFMt/4v6U+geDRbREEg/JM=",
      "requires": {
        "@jest/types": "^26.6.2",
        "ansi-regex": "^5.0.0",
        "ansi-styles": "^4.0.0",
        "react-is": "^17.0.1"
      }
    },
    "react-is": {
      "version": "17.0.2",
      "resolved": "https://npm.corp.kuaishou.com/react-is/-/react-is-17.0.2.tgz",
      "integrity": "sha1-5pHUqOnHiTZWVVOas3J2Kw77VPA="
    },
    "supports-color": {
      "version": "7.2.0",
      "resolved": "https://npm.corp.kuaishou.com/supports-color/-/supports-color-7.2.0.tgz",
      "integrity": "sha1-G33NyzK4E4gBs+R4umpRyqiWSNo=",
      "requires": {
        "has-flag": "^4.0.0"
      }
    }
  }
}
