{
	"name": "vd-example",
	"version": "1.0.0",
	"lockfileVersion": 1,
	"requires": true,
	"dependencies": {
		"@jest/types": {
			"version": "26.6.2",
			"resolved": "https://npm.corp.kuaishou.com/@jest%2ftypes/-/types-26.6.2.tgz",
			"integrity": "sha1-vvWlMgMOHYii9abZM/hOlyJu1I4=",
			"dev": true,
			"requires": {
				"@types/istanbul-lib-coverage": "^2.0.0",
				"@types/istanbul-reports": "^3.0.0",
				"@types/node": "*",
				"@types/yargs": "^15.0.0",
				"chalk": "^4.0.0"
			}
		},
		"@types/istanbul-lib-coverage": {
			"version": "2.0.3",
			"resolved": "https://npm.corp.kuaishou.com/@types%2fistanbul-lib-coverage/-/istanbul-lib-coverage-2.0.3.tgz",
			"integrity": "sha1-S6jdtyAiH0MuRDvV+RF/0iz9R2I=",
			"dev": true
		},
		"@types/istanbul-lib-report": {
			"version": "3.0.0",
			"resolved": "https://npm.corp.kuaishou.com/@types%2fistanbul-lib-report/-/istanbul-lib-report-3.0.0.tgz",
			"integrity": "sha1-wUwk8Y6oGQwRjudWK3/5mjZVJoY=",
			"dev": true,
			"requires": {
				"@types/istanbul-lib-coverage": "*"
			}
		},
		"@types/istanbul-reports": {
			"version": "3.0.0",
			"resolved": "https://npm.corp.kuaishou.com/@types%2fistanbul-reports/-/istanbul-reports-3.0.0.tgz",
			"integrity": "sha1-UIsTqjRPpJdiNOdd3cw0klc32CE=",
			"dev": true,
			"requires": {
				"@types/istanbul-lib-report": "*"
			}
		},
		"@types/jest": {
			"version": "26.0.22",
			"resolved": "https://npm.corp.kuaishou.com/@types%2fjest/-/jest-26.0.22.tgz",
			"integrity": "sha1-gwih3r3xuAeqR74oOKzc2R6I++Y=",
			"dev": true,
			"requires": {
				"jest-diff": "^26.0.0",
				"pretty-format": "^26.0.0"
			}
		},
		"@types/node": {
			"version": "14.14.41",
			"resolved": "https://npm.corp.kuaishou.com/@types%2fnode/-/node-14.14.41.tgz",
			"integrity": "sha1-0Lk52Uwde9U9BIJK9F8RObjEVhU=",
			"dev": true
		},
		"@types/yargs": {
			"version": "15.0.13",
			"resolved": "https://npm.corp.kuaishou.com/@types%2fyargs/-/yargs-15.0.13.tgz",
			"integrity": "sha1-NPf+yLOJ1/PB/QgCaldj4HLTxtw=",
			"dev": true,
			"requires": {
				"@types/yargs-parser": "*"
			}
		},
		"@types/yargs-parser": {
			"version": "20.2.0",
			"resolved": "https://npm.corp.kuaishou.com/@types%2fyargs-parser/-/yargs-parser-20.2.0.tgz",
			"integrity": "sha1-3T5mmboyN/A0jNCF5GmHgCBIQvk=",
			"dev": true
		},
		"ansi-regex": {
			"version": "5.0.0",
			"resolved": "https://npm.corp.kuaishou.com/ansi-regex/-/ansi-regex-5.0.0.tgz",
			"integrity": "sha1-OIU59VF5vzkznIGvMKZU1p+Hy3U=",
			"dev": true
		},
		"ansi-styles": {
			"version": "4.3.0",
			"resolved": "https://npm.corp.kuaishou.com/ansi-styles/-/ansi-styles-4.3.0.tgz",
			"integrity": "sha1-7dgDYornHATIWuegkG7a00tkiTc=",
			"dev": true,
			"requires": {
				"color-convert": "^2.0.1"
			}
		},
		"big-integer": {
			"version": "1.6.48",
			"resolved": "https://npm.corp.kuaishou.com/big-integer/-/big-integer-1.6.48.tgz",
			"integrity": "sha1-j9iL0WMsukocjD49cVnwi7lbS54="
		},
		"bplist-parser": {
			"version": "0.1.1",
			"resolved": "https://npm.corp.kuaishou.com/bplist-parser/-/bplist-parser-0.1.1.tgz",
			"integrity": "sha1-1g1dzCDLptx+HymbNdPh+V2vuuY=",
			"requires": {
				"big-integer": "^1.6.7"
			}
		},
		"chalk": {
			"version": "4.1.0",
			"resolved": "https://npm.corp.kuaishou.com/chalk/-/chalk-4.1.0.tgz",
			"integrity": "sha1-ThSHCmGNni7dl92DRf2dncMVZGo=",
			"dev": true,
			"requires": {
				"ansi-styles": "^4.1.0",
				"supports-color": "^7.1.0"
			}
		},
		"cli-spinners": {
			"version": "2.6.0",
			"resolved": "https://npm.corp.kuaishou.com/cli-spinners/-/cli-spinners-2.6.0.tgz",
			"integrity": "sha1-NsfcmPtqmna9YjjsP3fiQlYn6Tk="
		},
		"color-convert": {
			"version": "2.0.1",
			"resolved": "https://npm.corp.kuaishou.com/color-convert/-/color-convert-2.0.1.tgz",
			"integrity": "sha1-ctOmjVmMm9s68q0ehPIdiWq9TeM=",
			"dev": true,
			"requires": {
				"color-name": "~1.1.4"
			}
		},
		"color-name": {
			"version": "1.1.4",
			"resolved": "https://npm.corp.kuaishou.com/color-name/-/color-name-1.1.4.tgz",
			"integrity": "sha1-wqCah6y95pVD3m9j+jmVyCbFNqI=",
			"dev": true
		},
		"default-browser-id": {
			"version": "2.0.0",
			"resolved": "https://npm.corp.kuaishou.com/default-browser-id/-/default-browser-id-2.0.0.tgz",
			"integrity": "sha1-AezONxpx6F8VoXF354YwR+c9vn0=",
			"requires": {
				"bplist-parser": "^0.1.0",
				"pify": "^2.3.0",
				"untildify": "^2.0.0"
			}
		},
		"diff-sequences": {
			"version": "26.6.2",
			"resolved": "https://npm.corp.kuaishou.com/diff-sequences/-/diff-sequences-26.6.2.tgz",
			"integrity": "sha1-SLqZFX3hkjQS7tQdtrbUqpynwLE=",
			"dev": true
		},
		"esbuild": {
			"version": "0.9.7",
			"resolved": "https://npm.corp.kuaishou.com/esbuild/-/esbuild-0.9.7.tgz",
			"integrity": "sha1-6g1jnL5LiOwl++1Nb/AMjXiO9ws="
		},
		"fdir": {
			"version": "5.0.0",
			"resolved": "https://npm.corp.kuaishou.com/fdir/-/fdir-5.0.0.tgz",
			"integrity": "sha1-pAtdmt+1MNrspVVY6K2H7BSkR2k="
		},
		"fsevents": {
			"version": "2.3.2",
			"resolved": "https://npm.corp.kuaishou.com/fsevents/-/fsevents-2.3.2.tgz",
			"integrity": "sha1-ilJveLj99GI7cJ4Ll1xSwkwC/Ro=",
			"optional": true
		},
		"function-bind": {
			"version": "1.1.1",
			"resolved": "https://npm.corp.kuaishou.com/function-bind/-/function-bind-1.1.1.tgz",
			"integrity": "sha1-pWiZ0+o8m6uHS7l3O3xe3pL0iV0="
		},
		"has": {
			"version": "1.0.3",
			"resolved": "https://npm.corp.kuaishou.com/has/-/has-1.0.3.tgz",
			"integrity": "sha1-ci18v8H2qoJB8W3YFOAR4fQeh5Y=",
			"requires": {
				"function-bind": "^1.1.1"
			}
		},
		"has-flag": {
			"version": "4.0.0",
			"resolved": "https://npm.corp.kuaishou.com/has-flag/-/has-flag-4.0.0.tgz",
			"integrity": "sha1-lEdx/ZyByBJlxNaUGGDaBrtZR5s=",
			"dev": true
		},
		"is-core-module": {
			"version": "2.2.0",
			"resolved": "https://npm.corp.kuaishou.com/is-core-module/-/is-core-module-2.2.0.tgz",
			"integrity": "sha1-lwN+89UiJNhRY/VZeytj2a/tmBo=",
			"requires": {
				"has": "^1.0.3"
			}
		},
		"is-docker": {
			"version": "2.2.1",
			"resolved": "https://npm.corp.kuaishou.com/is-docker/-/is-docker-2.2.1.tgz",
			"integrity": "sha1-M+6r4jz+hvFL3kQIoCwM+4U6zao="
		},
		"is-wsl": {
			"version": "2.2.0",
			"resolved": "https://npm.corp.kuaishou.com/is-wsl/-/is-wsl-2.2.0.tgz",
			"integrity": "sha1-dKTHbnfKn9P5MvKQwX6jJs0VcnE=",
			"requires": {
				"is-docker": "^2.0.0"
			}
		},
		"jest-diff": {
			"version": "26.6.2",
			"resolved": "https://npm.corp.kuaishou.com/jest-diff/-/jest-diff-26.6.2.tgz",
			"integrity": "sha1-GqdGi1LDpo19XF/c381eSb0WQ5Q=",
			"dev": true,
			"requires": {
				"chalk": "^4.0.0",
				"diff-sequences": "^26.6.2",
				"jest-get-type": "^26.3.0",
				"pretty-format": "^26.6.2"
			}
		},
		"jest-get-type": {
			"version": "26.3.0",
			"resolved": "https://npm.corp.kuaishou.com/jest-get-type/-/jest-get-type-26.3.0.tgz",
			"integrity": "sha1-6X3Dw/U8K0Bsp6+u1Ek7HQmRmeA=",
			"dev": true
		},
		"open": {
			"version": "7.4.2",
			"resolved": "https://npm.corp.kuaishou.com/open/-/open-7.4.2.tgz",
			"integrity": "sha1-uBR+Jtzz5CYxbHMAif1x7dKcIyE=",
			"requires": {
				"is-docker": "^2.0.0",
				"is-wsl": "^2.1.1"
			}
		},
		"os-homedir": {
			"version": "1.0.2",
			"resolved": "https://npm.corp.kuaishou.com/os-homedir/-/os-homedir-1.0.2.tgz",
			"integrity": "sha1-/7xJiDNuDoM94MFox+8VISGqf7M="
		},
		"path-parse": {
			"version": "1.0.6",
			"resolved": "https://npm.corp.kuaishou.com/path-parse/-/path-parse-1.0.6.tgz",
			"integrity": "sha1-1i27VnlAXXLEc37FhgDp3c8G0kw="
		},
		"picomatch": {
			"version": "2.2.3",
			"resolved": "https://npm.corp.kuaishou.com/picomatch/-/picomatch-2.2.3.tgz",
			"integrity": "sha1-RlVH81nMwgbTxI5Goby4m/fuYZ0="
		},
		"pify": {
			"version": "2.3.0",
			"resolved": "https://npm.corp.kuaishou.com/pify/-/pify-2.3.0.tgz",
			"integrity": "sha1-7RQaasBDqEnqWISY59yosVMw6Qw="
		},
		"pretty-format": {
			"version": "26.6.2",
			"resolved": "https://npm.corp.kuaishou.com/pretty-format/-/pretty-format-26.6.2.tgz",
			"integrity": "sha1-41wnBfFMt/4v6U+geDRbREEg/JM=",
			"dev": true,
			"requires": {
				"@jest/types": "^26.6.2",
				"ansi-regex": "^5.0.0",
				"ansi-styles": "^4.0.0",
				"react-is": "^17.0.1"
			}
		},
		"react-is": {
			"version": "17.0.2",
			"resolved": "https://npm.corp.kuaishou.com/react-is/-/react-is-17.0.2.tgz",
			"integrity": "sha1-5pHUqOnHiTZWVVOas3J2Kw77VPA=",
			"dev": true
		},
		"resolve": {
			"version": "1.20.0",
			"resolved": "https://npm.corp.kuaishou.com/resolve/-/resolve-1.20.0.tgz",
			"integrity": "sha1-YpoBP7P3B1XW8LeTXMHCxTeLGXU=",
			"requires": {
				"is-core-module": "^2.2.0",
				"path-parse": "^1.0.6"
			}
		},
		"rollup": {
			"version": "2.45.2",
			"resolved": "https://npm.corp.kuaishou.com/rollup/-/rollup-2.45.2.tgz",
			"integrity": "sha1-j7hZF8nzVgVyDpIyjzzL+6b3i0g=",
			"requires": {
				"fsevents": "~2.3.1"
			}
		},
		"snowpack": {
			"version": "3.2.2",
			"resolved": "https://npm.corp.kuaishou.com/snowpack/-/snowpack-3.2.2.tgz",
			"integrity": "sha1-5Ne4/ZbFz7+4xZbuR94vcRjMf+o=",
			"requires": {
				"cli-spinners": "^2.5.0",
				"default-browser-id": "^2.0.0",
				"esbuild": "^0.9.3",
				"fdir": "^5.0.0",
				"fsevents": "^2.2.0",
				"open": "^7.0.4",
				"picomatch": "^2.2.2",
				"resolve": "^1.20.0",
				"rollup": "^2.34.0"
			}
		},
		"supports-color": {
			"version": "7.2.0",
			"resolved": "https://npm.corp.kuaishou.com/supports-color/-/supports-color-7.2.0.tgz",
			"integrity": "sha1-G33NyzK4E4gBs+R4umpRyqiWSNo=",
			"dev": true,
			"requires": {
				"has-flag": "^4.0.0"
			}
		},
		"untildify": {
			"version": "2.1.0",
			"resolved": "https://npm.corp.kuaishou.com/untildify/-/untildify-2.1.0.tgz",
			"integrity": "sha1-F+soB5h/dpUunASF/DEdBqgmouA=",
			"requires": {
				"os-homedir": "^1.0.0"
			}
		}
	}
}
